
Microsoft Visual Studio Solution File, Format Version 12.00
# Visual Studio Version 16
VisualStudioVersion = 16.0.30114.105
MinimumVisualStudioVersion = 10.0.40219.1
Project("{FAE04EC0-301F-11D3-BF4B-00C04F79EFBC}") = "API", "API\API.csproj", "{A8779C49-19E8-4654-812B-755AA63F5D50}"
EndProject
Project("{FAE04EC0-301F-11D3-BF4B-00C04F79EFBC}") = "Application", "Application\Application.csproj", "{AA5BE0BD-E838-4ED2-83E4-0E6F2A04D2B5}"
EndProject
Project("{FAE04EC0-301F-11D3-BF4B-00C04F79EFBC}") = "Persistence", "Persistence\Persistence.csproj", "{67B71D05-A0BD-4777-9CE3-088CC2E23453}"
EndProject
Project("{FAE04EC0-301F-11D3-BF4B-00C04F79EFBC}") = "Domain", "Domain\Domain.csproj", "{BB65EDB9-3C00-4989-A2EA-C5CA531588EA}"
EndProject
Project("{FAE04EC0-301F-11D3-BF4B-00C04F79EFBC}") = "Infrastructure", "Infrastructure\Infrastructure.csproj", "{F499AAD9-4DD7-4083-8FE3-0DACFE354013}"
EndProject
Global
	GlobalSection(SolutionConfigurationPlatforms) = preSolution
		Debug|Any CPU = Debug|Any CPU
		Debug|x64 = Debug|x64
		Debug|x86 = Debug|x86
		Release|Any CPU = Release|Any CPU
		Release|x64 = Release|x64
		Release|x86 = Release|x86
	EndGlobalSection
	GlobalSection(SolutionProperties) = preSolution
		HideSolutionNode = FALSE
	EndGlobalSection
	GlobalSection(ProjectConfigurationPlatforms) = postSolution
		{A8779C49-19E8-4654-812B-755AA63F5D50}.Debug|Any CPU.ActiveCfg = Debug|Any CPU
		{A8779C49-19E8-4654-812B-755AA63F5D50}.Debug|Any CPU.Build.0 = Debug|Any CPU
		{A8779C49-19E8-4654-812B-755AA63F5D50}.Debug|x64.ActiveCfg = Debug|Any CPU
		{A8779C49-19E8-4654-812B-755AA63F5D50}.Debug|x64.Build.0 = Debug|Any CPU
		{A8779C49-19E8-4654-812B-755AA63F5D50}.Debug|x86.ActiveCfg = Debug|Any CPU
		{A8779C49-19E8-4654-812B-755AA63F5D50}.Debug|x86.Build.0 = Debug|Any CPU
		{A8779C49-19E8-4654-812B-755AA63F5D50}.Release|Any CPU.ActiveCfg = Release|Any CPU
		{A8779C49-19E8-4654-812B-755AA63F5D50}.Release|Any CPU.Build.0 = Release|Any CPU
		{A8779C49-19E8-4654-812B-755AA63F5D50}.Release|x64.ActiveCfg = Release|Any CPU
		{A8779C49-19E8-4654-812B-755AA63F5D50}.Release|x64.Build.0 = Release|Any CPU
		{A8779C49-19E8-4654-812B-755AA63F5D50}.Release|x86.ActiveCfg = Release|Any CPU
		{A8779C49-19E8-4654-812B-755AA63F5D50}.Release|x86.Build.0 = Release|Any CPU
		{AA5BE0BD-E838-4ED2-83E4-0E6F2A04D2B5}.Debug|Any CPU.ActiveCfg = Debug|Any CPU
		{AA5BE0BD-E838-4ED2-83E4-0E6F2A04D2B5}.Debug|Any CPU.Build.0 = Debug|Any CPU
		{AA5BE0BD-E838-4ED2-83E4-0E6F2A04D2B5}.Debug|x64.ActiveCfg = Debug|Any CPU
		{AA5BE0BD-E838-4ED2-83E4-0E6F2A04D2B5}.Debug|x64.Build.0 = Debug|Any CPU
		{AA5BE0BD-E838-4ED2-83E4-0E6F2A04D2B5}.Debug|x86.ActiveCfg = Debug|Any CPU
		{AA5BE0BD-E838-4ED2-83E4-0E6F2A04D2B5}.Debug|x86.Build.0 = Debug|Any CPU
		{AA5BE0BD-E838-4ED2-83E4-0E6F2A04D2B5}.Release|Any CPU.ActiveCfg = Release|Any CPU
		{AA5BE0BD-E838-4ED2-83E4-0E6F2A04D2B5}.Release|Any CPU.Build.0 = Release|Any CPU
		{AA5BE0BD-E838-4ED2-83E4-0E6F2A04D2B5}.Release|x64.ActiveCfg = Release|Any CPU
		{AA5BE0BD-E838-4ED2-83E4-0E6F2A04D2B5}.Release|x64.Build.0 = Release|Any CPU
		{AA5BE0BD-E838-4ED2-83E4-0E6F2A04D2B5}.Release|x86.ActiveCfg = Release|Any CPU
		{AA5BE0BD-E838-4ED2-83E4-0E6F2A04D2B5}.Release|x86.Build.0 = Release|Any CPU
		{67B71D05-A0BD-4777-9CE3-088CC2E23453}.Debug|Any CPU.ActiveCfg = Debug|Any CPU
		{67B71D05-A0BD-4777-9CE3-088CC2E23453}.Debug|Any CPU.Build.0 = Debug|Any CPU
		{67B71D05-A0BD-4777-9CE3-088CC2E23453}.Debug|x64.ActiveCfg = Debug|Any CPU
		{67B71D05-A0BD-4777-9CE3-088CC2E23453}.Debug|x64.Build.0 = Debug|Any CPU
		{67B71D05-A0BD-4777-9CE3-088CC2E23453}.Debug|x86.ActiveCfg = Debug|Any CPU
		{67B71D05-A0BD-4777-9CE3-088CC2E23453}.Debug|x86.Build.0 = Debug|Any CPU
		{67B71D05-A0BD-4777-9CE3-088CC2E23453}.Release|Any CPU.ActiveCfg = Release|Any CPU
		{67B71D05-A0BD-4777-9CE3-088CC2E23453}.Release|Any CPU.Build.0 = Release|Any CPU
		{67B71D05-A0BD-4777-9CE3-088CC2E23453}.Release|x64.ActiveCfg = Release|Any CPU
		{67B71D05-A0BD-4777-9CE3-088CC2E23453}.Release|x64.Build.0 = Release|Any CPU
		{67B71D05-A0BD-4777-9CE3-088CC2E23453}.Release|x86.ActiveCfg = Release|Any CPU
		{67B71D05-A0BD-4777-9CE3-088CC2E23453}.Release|x86.Build.0 = Release|Any CPU
		{BB65EDB9-3C00-4989-A2EA-C5CA531588EA}.Debug|Any CPU.ActiveCfg = Debug|Any CPU
		{BB65EDB9-3C00-4989-A2EA-C5CA531588EA}.Debug|Any CPU.Build.0 = Debug|Any CPU
		{BB65EDB9-3C00-4989-A2EA-C5CA531588EA}.Debug|x64.ActiveCfg = Debug|Any CPU
		{BB65EDB9-3C00-4989-A2EA-C5CA531588EA}.Debug|x64.Build.0 = Debug|Any CPU
		{BB65EDB9-3C00-4989-A2EA-C5CA531588EA}.Debug|x86.ActiveCfg = Debug|Any CPU
		{BB65EDB9-3C00-4989-A2EA-C5CA531588EA}.Debug|x86.Build.0 = Debug|Any CPU
		{BB65EDB9-3C00-4989-A2EA-C5CA531588EA}.Release|Any CPU.ActiveCfg = Release|Any CPU
		{BB65EDB9-3C00-4989-A2EA-C5CA531588EA}.Release|Any CPU.Build.0 = Release|Any CPU
		{BB65EDB9-3C00-4989-A2EA-C5CA531588EA}.Release|x64.ActiveCfg = Release|Any CPU
		{BB65EDB9-3C00-4989-A2EA-C5CA531588EA}.Release|x64.Build.0 = Release|Any CPU
		{BB65EDB9-3C00-4989-A2EA-C5CA531588EA}.Release|x86.ActiveCfg = Release|Any CPU
		{BB65EDB9-3C00-4989-A2EA-C5CA531588EA}.Release|x86.Build.0 = Release|Any CPU
		{F499AAD9-4DD7-4083-8FE3-0DACFE354013}.Debug|Any CPU.ActiveCfg = Debug|Any CPU
		{F499AAD9-4DD7-4083-8FE3-0DACFE354013}.Debug|Any CPU.Build.0 = Debug|Any CPU
		{F499AAD9-4DD7-4083-8FE3-0DACFE354013}.Debug|x64.ActiveCfg = Debug|Any CPU
		{F499AAD9-4DD7-4083-8FE3-0DACFE354013}.Debug|x64.Build.0 = Debug|Any CPU
		{F499AAD9-4DD7-4083-8FE3-0DACFE354013}.Debug|x86.ActiveCfg = Debug|Any CPU
		{F499AAD9-4DD7-4083-8FE3-0DACFE354013}.Debug|x86.Build.0 = Debug|Any CPU
		{F499AAD9-4DD7-4083-8FE3-0DACFE354013}.Release|Any CPU.ActiveCfg = Release|Any CPU
		{F499AAD9-4DD7-4083-8FE3-0DACFE354013}.Release|Any CPU.Build.0 = Release|Any CPU
		{F499AAD9-4DD7-4083-8FE3-0DACFE354013}.Release|x64.ActiveCfg = Release|Any CPU
		{F499AAD9-4DD7-4083-8FE3-0DACFE354013}.Release|x64.Build.0 = Release|Any CPU
		{F499AAD9-4DD7-4083-8FE3-0DACFE354013}.Release|x86.ActiveCfg = Release|Any CPU
		{F499AAD9-4DD7-4083-8FE3-0DACFE354013}.Release|x86.Build.0 = Release|Any CPU
	EndGlobalSection
EndGlobal
